
Microsoft Visual Studio Solution File, Format Version 12.00
# Visual Studio Version 17
VisualStudioVersion = 17.3.32819.101
MinimumVisualStudioVersion = 10.0.40219.1
Project("{9A19103F-16F7-4668-BE54-9A1E7A4F7556}") = "MQTTnet.Extensions.MultiCloud", "src\MQTTnet.Extensions.MultiCloud\MQTTnet.Extensions.MultiCloud.csproj", "{1D1202C8-12C7-4A39-9945-5C0C4A83AF2A}"
EndProject
Project("{9A19103F-16F7-4668-BE54-9A1E7A4F7556}") = "MQTTnet.Extensions.MultiCloud.AwsIoTClient", "src\MQTTnet.Extensions.MultiCloud.AwsIoTClient\MQTTnet.Extensions.MultiCloud.AwsIoTClient.csproj", "{82D3E4FD-0A46-4B65-A2F7-C8CC56D87FEF}"
EndProject
Project("{9A19103F-16F7-4668-BE54-9A1E7A4F7556}") = "MQTTnet.Extensions.MultiCloud.AzureIoTClient", "src\MQTTnet.Extensions.MultiCloud.AzureIoTClient\MQTTnet.Extensions.MultiCloud.AzureIoTClient.csproj", "{B1991D1A-88E5-4968-92E2-D3CD8995A4FB}"
EndProject
Project("{9A19103F-16F7-4668-BE54-9A1E7A4F7556}") = "MQTTnet.Extensions.MultiCloud.BrokerIoTClient", "src\MQTTnet.Extensions.MultiCloud.BrokerIoTClient\MQTTnet.Extensions.MultiCloud.BrokerIoTClient.csproj", "{6ABB7BA7-FDC1-4A5D-950F-4621E2CEBB9C}"
EndProject
Project("{2150E333-8FDC-42A3-9474-1A3956D46DE8}") = "tests", "tests", "{5AC4450E-A695-4BDC-8BF4-3D1F08C40394}"
EndProject
Project("{9A19103F-16F7-4668-BE54-9A1E7A4F7556}") = "MQTTnet.Extensions.MultiCloud.UnitTests", "tests\MQTTnet.Extensions.MultiCloud.UnitTests\MQTTnet.Extensions.MultiCloud.UnitTests.csproj", "{8795E98D-C53A-431F-88A5-768BC7013A55}"
EndProject
Project("{9A19103F-16F7-4668-BE54-9A1E7A4F7556}") = "MQTTnet.Extensions.MultiCloud.IntegrationTests", "tests\MQTTnet.Extensions.MultiCloud.IntegrationTests\MQTTnet.Extensions.MultiCloud.IntegrationTests.csproj", "{64CEC6F9-5567-41FC-91F7-BD84E7853DD1}"
EndProject
Project("{2150E333-8FDC-42A3-9474-1A3956D46DE8}") = "docs", "docs", "{22965CB2-1455-4938-9783-416B192B79D0}"
	ProjectSection(SolutionItems) = preProject
		docs\arch.png = docs\arch.png
		docs\ConnectionSettings.md = docs\ConnectionSettings.md
		docs\feat-matrix.md = docs\feat-matrix.md
		docs\iotpnp-128.png = docs\iotpnp-128.png
		README.md = README.md
		docs\tmo.gif = docs\tmo.gif
		docs\X509Certificates.md = docs\X509Certificates.md
	EndProjectSection
EndProject
Project("{2150E333-8FDC-42A3-9474-1A3956D46DE8}") = "_actions", "_actions", "{682EF4F8-4161-47F3-A03E-1784053AA957}"
	ProjectSection(SolutionItems) = preProject
		.github\workflows\cd.yml = .github\workflows\cd.yml
		.github\workflows\ci.yml = .github\workflows\ci.yml
		.github\workflows\memmon-docker.yml = .github\workflows\memmon-docker.yml
		.github\workflows\push2nuget.yml = .github\workflows\push2nuget.yml
	EndProjectSection
EndProject
Project("{2150E333-8FDC-42A3-9474-1A3956D46DE8}") = "Solution Items", "Solution Items", "{F618E3CF-0552-44BD-A92A-A926AF319D00}"
	ProjectSection(SolutionItems) = preProject
		.runsettings = .runsettings
		.runsettings.template = .runsettings.template
		src\Directory.Build.props = src\Directory.Build.props
		src\Directory.Build.targets = src\Directory.Build.targets
		version.json = version.json
	EndProjectSection
EndProject
Project("{2150E333-8FDC-42A3-9474-1A3956D46DE8}") = "samples", "samples", "{F5E59EDE-6E77-484C-AB93-C4651F43B9A7}"
EndProject
Project("{9A19103F-16F7-4668-BE54-9A1E7A4F7556}") = "memmon", "samples\memmon\memmon.csproj", "{0685EACE-A84C-48DE-A69F-0899651ECEDC}"
EndProject
Project("{9A19103F-16F7-4668-BE54-9A1E7A4F7556}") = "pi-sense-device", "samples\pi-sense-device\pi-sense-device.csproj", "{0E96AC9D-28FF-4E49-A518-E3DEE2E9DA77}"
EndProject
Project("{9A19103F-16F7-4668-BE54-9A1E7A4F7556}") = "iothub-sample", "samples\iothub-sample\iothub-sample.csproj", "{CF342B46-3B96-4270-8881-70FF105DE8E4}"
EndProject
Project("{9A19103F-16F7-4668-BE54-9A1E7A4F7556}") = "mqtt-device", "samples\mqtt-device\mqtt-device.csproj", "{F0DE9E2F-0E87-4C2C-875B-79547FD957D6}"
EndProject
Global
	GlobalSection(SolutionConfigurationPlatforms) = preSolution
		Debug|Any CPU = Debug|Any CPU
		Release|Any CPU = Release|Any CPU
	EndGlobalSection
	GlobalSection(ProjectConfigurationPlatforms) = postSolution
		{1D1202C8-12C7-4A39-9945-5C0C4A83AF2A}.Debug|Any CPU.ActiveCfg = Debug|Any CPU
		{1D1202C8-12C7-4A39-9945-5C0C4A83AF2A}.Debug|Any CPU.Build.0 = Debug|Any CPU
		{1D1202C8-12C7-4A39-9945-5C0C4A83AF2A}.Release|Any CPU.ActiveCfg = Release|Any CPU
		{1D1202C8-12C7-4A39-9945-5C0C4A83AF2A}.Release|Any CPU.Build.0 = Release|Any CPU
		{82D3E4FD-0A46-4B65-A2F7-C8CC56D87FEF}.Debug|Any CPU.ActiveCfg = Debug|Any CPU
		{82D3E4FD-0A46-4B65-A2F7-C8CC56D87FEF}.Debug|Any CPU.Build.0 = Debug|Any CPU
		{82D3E4FD-0A46-4B65-A2F7-C8CC56D87FEF}.Release|Any CPU.ActiveCfg = Release|Any CPU
		{82D3E4FD-0A46-4B65-A2F7-C8CC56D87FEF}.Release|Any CPU.Build.0 = Release|Any CPU
		{B1991D1A-88E5-4968-92E2-D3CD8995A4FB}.Debug|Any CPU.ActiveCfg = Debug|Any CPU
		{B1991D1A-88E5-4968-92E2-D3CD8995A4FB}.Debug|Any CPU.Build.0 = Debug|Any CPU
		{B1991D1A-88E5-4968-92E2-D3CD8995A4FB}.Release|Any CPU.ActiveCfg = Release|Any CPU
		{B1991D1A-88E5-4968-92E2-D3CD8995A4FB}.Release|Any CPU.Build.0 = Release|Any CPU
		{6ABB7BA7-FDC1-4A5D-950F-4621E2CEBB9C}.Debug|Any CPU.ActiveCfg = Debug|Any CPU
		{6ABB7BA7-FDC1-4A5D-950F-4621E2CEBB9C}.Debug|Any CPU.Build.0 = Debug|Any CPU
		{6ABB7BA7-FDC1-4A5D-950F-4621E2CEBB9C}.Release|Any CPU.ActiveCfg = Release|Any CPU
		{6ABB7BA7-FDC1-4A5D-950F-4621E2CEBB9C}.Release|Any CPU.Build.0 = Release|Any CPU
		{8795E98D-C53A-431F-88A5-768BC7013A55}.Debug|Any CPU.ActiveCfg = Debug|Any CPU
		{8795E98D-C53A-431F-88A5-768BC7013A55}.Debug|Any CPU.Build.0 = Debug|Any CPU
		{8795E98D-C53A-431F-88A5-768BC7013A55}.Release|Any CPU.ActiveCfg = Release|Any CPU
		{8795E98D-C53A-431F-88A5-768BC7013A55}.Release|Any CPU.Build.0 = Release|Any CPU
		{64CEC6F9-5567-41FC-91F7-BD84E7853DD1}.Debug|Any CPU.ActiveCfg = Debug|Any CPU
		{64CEC6F9-5567-41FC-91F7-BD84E7853DD1}.Debug|Any CPU.Build.0 = Debug|Any CPU
		{64CEC6F9-5567-41FC-91F7-BD84E7853DD1}.Release|Any CPU.ActiveCfg = Release|Any CPU
		{64CEC6F9-5567-41FC-91F7-BD84E7853DD1}.Release|Any CPU.Build.0 = Release|Any CPU
		{0685EACE-A84C-48DE-A69F-0899651ECEDC}.Debug|Any CPU.ActiveCfg = Debug|Any CPU
		{0685EACE-A84C-48DE-A69F-0899651ECEDC}.Debug|Any CPU.Build.0 = Debug|Any CPU
		{0685EACE-A84C-48DE-A69F-0899651ECEDC}.Release|Any CPU.ActiveCfg = Release|Any CPU
		{0685EACE-A84C-48DE-A69F-0899651ECEDC}.Release|Any CPU.Build.0 = Release|Any CPU
		{0E96AC9D-28FF-4E49-A518-E3DEE2E9DA77}.Debug|Any CPU.ActiveCfg = Debug|Any CPU
		{0E96AC9D-28FF-4E49-A518-E3DEE2E9DA77}.Debug|Any CPU.Build.0 = Debug|Any CPU
		{0E96AC9D-28FF-4E49-A518-E3DEE2E9DA77}.Release|Any CPU.ActiveCfg = Release|Any CPU
		{0E96AC9D-28FF-4E49-A518-E3DEE2E9DA77}.Release|Any CPU.Build.0 = Release|Any CPU
		{CF342B46-3B96-4270-8881-70FF105DE8E4}.Debug|Any CPU.ActiveCfg = Debug|Any CPU
		{CF342B46-3B96-4270-8881-70FF105DE8E4}.Debug|Any CPU.Build.0 = Debug|Any CPU
		{CF342B46-3B96-4270-8881-70FF105DE8E4}.Release|Any CPU.ActiveCfg = Release|Any CPU
		{CF342B46-3B96-4270-8881-70FF105DE8E4}.Release|Any CPU.Build.0 = Release|Any CPU
		{F0DE9E2F-0E87-4C2C-875B-79547FD957D6}.Debug|Any CPU.ActiveCfg = Debug|Any CPU
		{F0DE9E2F-0E87-4C2C-875B-79547FD957D6}.Debug|Any CPU.Build.0 = Debug|Any CPU
		{F0DE9E2F-0E87-4C2C-875B-79547FD957D6}.Release|Any CPU.ActiveCfg = Release|Any CPU
		{F0DE9E2F-0E87-4C2C-875B-79547FD957D6}.Release|Any CPU.Build.0 = Release|Any CPU
	EndGlobalSection
	GlobalSection(SolutionProperties) = preSolution
		HideSolutionNode = FALSE
	EndGlobalSection
	GlobalSection(NestedProjects) = preSolution
		{8795E98D-C53A-431F-88A5-768BC7013A55} = {5AC4450E-A695-4BDC-8BF4-3D1F08C40394}
		{64CEC6F9-5567-41FC-91F7-BD84E7853DD1} = {5AC4450E-A695-4BDC-8BF4-3D1F08C40394}
		{0685EACE-A84C-48DE-A69F-0899651ECEDC} = {F5E59EDE-6E77-484C-AB93-C4651F43B9A7}
		{0E96AC9D-28FF-4E49-A518-E3DEE2E9DA77} = {F5E59EDE-6E77-484C-AB93-C4651F43B9A7}
		{CF342B46-3B96-4270-8881-70FF105DE8E4} = {F5E59EDE-6E77-484C-AB93-C4651F43B9A7}
		{F0DE9E2F-0E87-4C2C-875B-79547FD957D6} = {F5E59EDE-6E77-484C-AB93-C4651F43B9A7}
	EndGlobalSection
	GlobalSection(ExtensibilityGlobals) = postSolution
		SolutionGuid = {09914DD8-50B2-48E3-B9AB-7764AE36AD6B}
	EndGlobalSection
EndGlobal
